
Microsoft Visual Studio Solution File, Format Version 12.00
# Visual Studio Version 16
VisualStudioVersion = 16.0.31424.327
MinimumVisualStudioVersion = 10.0.40219.1
Project("{FAE04EC0-301F-11D3-BF4B-00C04F79EFBC}") = "dashboard", "dashboard\dashboard.csproj", "{A9812B56-FCAD-4635-B31E-A31B35CDEC73}"
EndProject
Global
	GlobalSection(SolutionConfigurationPlatforms) = preSolution
		Debug|Any CPU = Debug|Any CPU
		Release|Any CPU = Release|Any CPU
	EndGlobalSection
	GlobalSection(ProjectConfigurationPlatforms) = postSolution
		{A9812B56-FCAD-4635-B31E-A31B35CDEC73}.Debug|Any CPU.ActiveCfg = Debug|Any CPU
		{A9812B56-FCAD-4635-B31E-A31B35CDEC73}.Debug|Any CPU.Build.0 = Debug|Any CPU
		{A9812B56-FCAD-4635-B31E-A31B35CDEC73}.Release|Any CPU.ActiveCfg = Release|Any CPU
		{A9812B56-FCAD-4635-B31E-A31B35CDEC73}.Release|Any CPU.Build.0 = Release|Any CPU
	EndGlobalSection
	GlobalSection(SolutionProperties) = preSolution
		HideSolutionNode = FALSE
	EndGlobalSection
	GlobalSection(ExtensibilityGlobals) = postSolution
		SolutionGuid = {8B25A70E-D29F-44FF-9AD0-1AAF405960CD}
	EndGlobalSection
EndGlobal
